
Microsoft Visual Studio Solution File, Format Version 12.00
# Visual Studio 2012
Project("{FAE04EC0-301F-11D3-BF4B-00C04F79EFBC}") = "LCLFileUpload", "LCLFileUpload\LCLFileUpload.csproj", "{83A0FE8A-3F57-4C1B-A830-2CED45090C88}"
EndProject
Global
	GlobalSection(TeamFoundationVersionControl) = preSolution
		SccNumberOfProjects = 2
		SccEnterpriseProvider = {4CA58AB2-18FA-4F8D-95D4-32DDF27D184C}
		SccTeamFoundationServer = https://tfs.wisintl.com:8088/tfs/wisintl
		SccLocalPath0 = .
		SccProjectUniqueName1 = LCLFileUpload\\LCLFileUpload.csproj
		SccProjectName1 = LCLFileUpload
		SccLocalPath1 = LCLFileUpload
	EndGlobalSection
	GlobalSection(SolutionConfigurationPlatforms) = preSolution
		Debug|Any CPU = Debug|Any CPU
		Release|Any CPU = Release|Any CPU
	EndGlobalSection
	GlobalSection(ProjectConfigurationPlatforms) = postSolution
		{83A0FE8A-3F57-4C1B-A830-2CED45090C88}.Debug|Any CPU.ActiveCfg = Debug|Any CPU
		{83A0FE8A-3F57-4C1B-A830-2CED45090C88}.Debug|Any CPU.Build.0 = Debug|Any CPU
		{83A0FE8A-3F57-4C1B-A830-2CED45090C88}.Release|Any CPU.ActiveCfg = Release|Any CPU
		{83A0FE8A-3F57-4C1B-A830-2CED45090C88}.Release|Any CPU.Build.0 = Release|Any CPU
	EndGlobalSection
	GlobalSection(SolutionProperties) = preSolution
		HideSolutionNode = FALSE
	EndGlobalSection
EndGlobal
